// !$*UTF8*$!
{
	archiveVersion = 1;
	classes = {
	};
	objectVersion = 55;
	objects = {

/* Begin PBXBuildFile section */
		9D6CC5FA28480B3F00BE4FD0 /* AppDelegate.swift in Sources */ = {isa = PBXBuildFile; fileRef = 9D6CC5F928480B3F00BE4FD0 /* AppDelegate.swift */; };
		9D6CC5FC28480B3F00BE4FD0 /* ContentView.swift in Sources */ = {isa = PBXBuildFile; fileRef = 9D6CC5FB28480B3F00BE4FD0 /* ContentView.swift */; };
		9D6CC5FE28480B3F00BE4FD0 /* Experience.rcproject in Sources */ = {isa = PBXBuildFile; fileRef = 9D6CC5FD28480B3F00BE4FD0 /* Experience.rcproject */; };
		9D6CC60028480B4100BE4FD0 /* Assets.xcassets in Resources */ = {isa = PBXBuildFile; fileRef = 9D6CC5FF28480B4100BE4FD0 /* Assets.xcassets */; };
		9D6CC60328480B4100BE4FD0 /* Preview Assets.xcassets in Resources */ = {isa = PBXBuildFile; fileRef = 9D6CC60228480B4100BE4FD0 /* Preview Assets.xcassets */; };
		9D6CC60C2849233200BE4FD0 /* MenuView.swift in Sources */ = {isa = PBXBuildFile; fileRef = 9D6CC60B2849233200BE4FD0 /* MenuView.swift */; };
		9D6CC60F2849238B00BE4FD0 /* OnBoardingView.swift in Sources */ = {isa = PBXBuildFile; fileRef = 9D6CC60E2849238B00BE4FD0 /* OnBoardingView.swift */; };
		9D6CC6142849257B00BE4FD0 /* OnBoardingStruct.swift in Sources */ = {isa = PBXBuildFile; fileRef = 9D6CC6132849257B00BE4FD0 /* OnBoardingStruct.swift */; };
		9D6CC6162849275E00BE4FD0 /* OnBoardingSteps.swift in Sources */ = {isa = PBXBuildFile; fileRef = 9D6CC6152849275E00BE4FD0 /* OnBoardingSteps.swift */; };
		9D6CC61828492E2E00BE4FD0 /* CustomButtons.swift in Sources */ = {isa = PBXBuildFile; fileRef = 9D6CC61728492E2E00BE4FD0 /* CustomButtons.swift */; };
/* End PBXBuildFile section */

/* Begin PBXFileReference section */
		9D6CC5F628480B3F00BE4FD0 /* ARGame.app */ = {isa = PBXFileReference; explicitFileType = wrapper.application; includeInIndex = 0; path = ARGame.app; sourceTree = BUILT_PRODUCTS_DIR; };
		9D6CC5F928480B3F00BE4FD0 /* AppDelegate.swift */ = {isa = PBXFileReference; lastKnownFileType = sourcecode.swift; path = AppDelegate.swift; sourceTree = "<group>"; };
		9D6CC5FB28480B3F00BE4FD0 /* ContentView.swift */ = {isa = PBXFileReference; lastKnownFileType = sourcecode.swift; path = ContentView.swift; sourceTree = "<group>"; };
		9D6CC5FD28480B3F00BE4FD0 /* Experience.rcproject */ = {isa = PBXFileReference; lastKnownFileType = file.rcproject; path = Experience.rcproject; sourceTree = "<group>"; };
		9D6CC5FF28480B4100BE4FD0 /* Assets.xcassets */ = {isa = PBXFileReference; lastKnownFileType = folder.assetcatalog; path = Assets.xcassets; sourceTree = "<group>"; };
		9D6CC60228480B4100BE4FD0 /* Preview Assets.xcassets */ = {isa = PBXFileReference; lastKnownFileType = folder.assetcatalog; path = "Preview Assets.xcassets"; sourceTree = "<group>"; };
		9D6CC60B2849233200BE4FD0 /* MenuView.swift */ = {isa = PBXFileReference; lastKnownFileType = sourcecode.swift; path = MenuView.swift; sourceTree = "<group>"; };
		9D6CC60E2849238B00BE4FD0 /* OnBoardingView.swift */ = {isa = PBXFileReference; lastKnownFileType = sourcecode.swift; path = OnBoardingView.swift; sourceTree = "<group>"; };
		9D6CC6132849257B00BE4FD0 /* OnBoardingStruct.swift */ = {isa = PBXFileReference; lastKnownFileType = sourcecode.swift; path = OnBoardingStruct.swift; sourceTree = "<group>"; };
		9D6CC6152849275E00BE4FD0 /* OnBoardingSteps.swift */ = {isa = PBXFileReference; lastKnownFileType = sourcecode.swift; path = OnBoardingSteps.swift; sourceTree = "<group>"; };
		9D6CC61728492E2E00BE4FD0 /* CustomButtons.swift */ = {isa = PBXFileReference; lastKnownFileType = sourcecode.swift; path = CustomButtons.swift; sourceTree = "<group>"; };
/* End PBXFileReference section */

/* Begin PBXFrameworksBuildPhase section */
		9D6CC5F328480B3F00BE4FD0 /* Frameworks */ = {
			isa = PBXFrameworksBuildPhase;
			buildActionMask = 2147483647;
			files = (
			);
			runOnlyForDeploymentPostprocessing = 0;
		};
/* End PBXFrameworksBuildPhase section */

/* Begin PBXGroup section */
		9D6CC5ED28480B3F00BE4FD0 = {
			isa = PBXGroup;
			children = (
				9D6CC5F828480B3F00BE4FD0 /* ARGame */,
				9D6CC5F728480B3F00BE4FD0 /* Products */,
			);
			sourceTree = "<group>";
		};
		9D6CC5F728480B3F00BE4FD0 /* Products */ = {
			isa = PBXGroup;
			children = (
				9D6CC5F628480B3F00BE4FD0 /* ARGame.app */,
			);
			name = Products;
			sourceTree = "<group>";
		};
		9D6CC5F828480B3F00BE4FD0 /* ARGame */ = {
			isa = PBXGroup;
			children = (
				9D6CC6122849256B00BE4FD0 /* Classes */,
				9D6CC60D2849237F00BE4FD0 /* Views */,
				9D6CC5F928480B3F00BE4FD0 /* AppDelegate.swift */,
				9D6CC5FB28480B3F00BE4FD0 /* ContentView.swift */,
				9D6CC5FD28480B3F00BE4FD0 /* Experience.rcproject */,
				9D6CC5FF28480B4100BE4FD0 /* Assets.xcassets */,
				9D6CC60128480B4100BE4FD0 /* Preview Content */,
			);
			path = ARGame;
			sourceTree = "<group>";
		};
		9D6CC60128480B4100BE4FD0 /* Preview Content */ = {
			isa = PBXGroup;
			children = (
				9D6CC60228480B4100BE4FD0 /* Preview Assets.xcassets */,
			);
			path = "Preview Content";
			sourceTree = "<group>";
		};
		9D6CC60D2849237F00BE4FD0 /* Views */ = {
			isa = PBXGroup;
			children = (
				9D6CC60B2849233200BE4FD0 /* MenuView.swift */,
				9D6CC60E2849238B00BE4FD0 /* OnBoardingView.swift */,
			);
			path = Views;
			sourceTree = "<group>";
		};
		9D6CC6122849256B00BE4FD0 /* Classes */ = {
			isa = PBXGroup;
			children = (
				9D6CC6132849257B00BE4FD0 /* OnBoardingStruct.swift */,
				9D6CC6152849275E00BE4FD0 /* OnBoardingSteps.swift */,
				9D6CC61728492E2E00BE4FD0 /* CustomButtons.swift */,
			);
			path = Classes;
			sourceTree = "<group>";
		};
/* End PBXGroup section */

/* Begin PBXNativeTarget section */
		9D6CC5F528480B3F00BE4FD0 /* ARGame */ = {
			isa = PBXNativeTarget;
			buildConfigurationList = 9D6CC60628480B4100BE4FD0 /* Build configuration list for PBXNativeTarget "ARGame" */;
			buildPhases = (
				9D6CC5F228480B3F00BE4FD0 /* Sources */,
				9D6CC5F328480B3F00BE4FD0 /* Frameworks */,
				9D6CC5F428480B3F00BE4FD0 /* Resources */,
			);
			buildRules = (
			);
			dependencies = (
			);
			name = ARGame;
			productName = ARGame;
			productReference = 9D6CC5F628480B3F00BE4FD0 /* ARGame.app */;
			productType = "com.apple.product-type.application";
		};
/* End PBXNativeTarget section */

/* Begin PBXProject section */
		9D6CC5EE28480B3F00BE4FD0 /* Project object */ = {
			isa = PBXProject;
			attributes = {
				BuildIndependentTargetsInParallel = 1;
				LastSwiftUpdateCheck = 1330;
				LastUpgradeCheck = 1330;
				TargetAttributes = {
					9D6CC5F528480B3F00BE4FD0 = {
						CreatedOnToolsVersion = 13.3.1;
					};
				};
			};
			buildConfigurationList = 9D6CC5F128480B3F00BE4FD0 /* Build configuration list for PBXProject "ARGame" */;
			compatibilityVersion = "Xcode 13.0";
			developmentRegion = en;
			hasScannedForEncodings = 0;
			knownRegions = (
				en,
				Base,
			);
			mainGroup = 9D6CC5ED28480B3F00BE4FD0;
			productRefGroup = 9D6CC5F728480B3F00BE4FD0 /* Products */;
			projectDirPath = "";
			projectRoot = "";
			targets = (
				9D6CC5F528480B3F00BE4FD0 /* ARGame */,
			);
		};
/* End PBXProject section */

/* Begin PBXResourcesBuildPhase section */
		9D6CC5F428480B3F00BE4FD0 /* Resources */ = {
			isa = PBXResourcesBuildPhase;
			buildActionMask = 2147483647;
			files = (
				9D6CC60328480B4100BE4FD0 /* Preview Assets.xcassets in Resources */,
				9D6CC60028480B4100BE4FD0 /* Assets.xcassets in Resources */,
			);
			runOnlyForDeploymentPostprocessing = 0;
		};
/* End PBXResourcesBuildPhase section */

/* Begin PBXSourcesBuildPhase section */
		9D6CC5F228480B3F00BE4FD0 /* Sources */ = {
			isa = PBXSourcesBuildPhase;
			buildActionMask = 2147483647;
			files = (
				9D6CC61828492E2E00BE4FD0 /* CustomButtons.swift in Sources */,
				9D6CC5FC28480B3F00BE4FD0 /* ContentView.swift in Sources */,
				9D6CC60C2849233200BE4FD0 /* MenuView.swift in Sources */,
				9D6CC6162849275E00BE4FD0 /* OnBoardingSteps.swift in Sources */,
				9D6CC5FA28480B3F00BE4FD0 /* AppDelegate.swift in Sources */,
				9D6CC60F2849238B00BE4FD0 /* OnBoardingView.swift in Sources */,
				9D6CC5FE28480B3F00BE4FD0 /* Experience.rcproject in Sources */,
				9D6CC6142849257B00BE4FD0 /* OnBoardingStruct.swift in Sources */,
			);
			runOnlyForDeploymentPostprocessing = 0;
		};
/* End PBXSourcesBuildPhase section */

/* Begin XCBuildConfiguration section */
		9D6CC60428480B4100BE4FD0 /* Debug */ = {
			isa = XCBuildConfiguration;
			buildSettings = {
				ALWAYS_SEARCH_USER_PATHS = NO;
				CLANG_ANALYZER_NONNULL = YES;
				CLANG_ANALYZER_NUMBER_OBJECT_CONVERSION = YES_AGGRESSIVE;
				CLANG_CXX_LANGUAGE_STANDARD = "gnu++17";
				CLANG_ENABLE_MODULES = YES;
				CLANG_ENABLE_OBJC_ARC = YES;
				CLANG_ENABLE_OBJC_WEAK = YES;
				CLANG_WARN_BLOCK_CAPTURE_AUTORELEASING = YES;
				CLANG_WARN_BOOL_CONVERSION = YES;
				CLANG_WARN_COMMA = YES;
				CLANG_WARN_CONSTANT_CONVERSION = YES;
				CLANG_WARN_DEPRECATED_OBJC_IMPLEMENTATIONS = YES;
				CLANG_WARN_DIRECT_OBJC_ISA_USAGE = YES_ERROR;
				CLANG_WARN_DOCUMENTATION_COMMENTS = YES;
				CLANG_WARN_EMPTY_BODY = YES;
				CLANG_WARN_ENUM_CONVERSION = YES;
				CLANG_WARN_INFINITE_RECURSION = YES;
				CLANG_WARN_INT_CONVERSION = YES;
				CLANG_WARN_NON_LITERAL_NULL_CONVERSION = YES;
				CLANG_WARN_OBJC_IMPLICIT_RETAIN_SELF = YES;
				CLANG_WARN_OBJC_LITERAL_CONVERSION = YES;
				CLANG_WARN_OBJC_ROOT_CLASS = YES_ERROR;
				CLANG_WARN_QUOTED_INCLUDE_IN_FRAMEWORK_HEADER = YES;
				CLANG_WARN_RANGE_LOOP_ANALYSIS = YES;
				CLANG_WARN_STRICT_PROTOTYPES = YES;
				CLANG_WARN_SUSPICIOUS_MOVE = YES;
				CLANG_WARN_UNGUARDED_AVAILABILITY = YES_AGGRESSIVE;
				CLANG_WARN_UNREACHABLE_CODE = YES;
				CLANG_WARN__DUPLICATE_METHOD_MATCH = YES;
				COPY_PHASE_STRIP = NO;
				DEBUG_INFORMATION_FORMAT = dwarf;
				ENABLE_STRICT_OBJC_MSGSEND = YES;
				ENABLE_TESTABILITY = YES;
				GCC_C_LANGUAGE_STANDARD = gnu11;
				GCC_DYNAMIC_NO_PIC = NO;
				GCC_NO_COMMON_BLOCKS = YES;
				GCC_OPTIMIZATION_LEVEL = 0;
				GCC_PREPROCESSOR_DEFINITIONS = (
					"DEBUG=1",
					"$(inherited)",
				);
				GCC_WARN_64_TO_32_BIT_CONVERSION = YES;
				GCC_WARN_ABOUT_RETURN_TYPE = YES_ERROR;
				GCC_WARN_UNDECLARED_SELECTOR = YES;
				GCC_WARN_UNINITIALIZED_AUTOS = YES_AGGRESSIVE;
				GCC_WARN_UNUSED_FUNCTION = YES;
				GCC_WARN_UNUSED_VARIABLE = YES;
				IPHONEOS_DEPLOYMENT_TARGET = 15.4;
				MTL_ENABLE_DEBUG_INFO = INCLUDE_SOURCE;
				MTL_FAST_MATH = YES;
				ONLY_ACTIVE_ARCH = YES;
				SDKROOT = iphoneos;
				SWIFT_ACTIVE_COMPILATION_CONDITIONS = DEBUG;
				SWIFT_OPTIMIZATION_LEVEL = "-Onone";
			};
			name = Debug;
		};
		9D6CC60528480B4100BE4FD0 /* Release */ = {
			isa = XCBuildConfiguration;
			buildSettings = {
				ALWAYS_SEARCH_USER_PATHS = NO;
				CLANG_ANALYZER_NONNULL = YES;
				CLANG_ANALYZER_NUMBER_OBJECT_CONVERSION = YES_AGGRESSIVE;
				CLANG_CXX_LANGUAGE_STANDARD = "gnu++17";
				CLANG_ENABLE_MODULES = YES;
				CLANG_ENABLE_OBJC_ARC = YES;
				CLANG_ENABLE_OBJC_WEAK = YES;
				CLANG_WARN_BLOCK_CAPTURE_AUTORELEASING = YES;
				CLANG_WARN_BOOL_CONVERSION = YES;
				CLANG_WARN_COMMA = YES;
				CLANG_WARN_CONSTANT_CONVERSION = YES;
				CLANG_WARN_DEPRECATED_OBJC_IMPLEMENTATIONS = YES;
				CLANG_WARN_DIRECT_OBJC_ISA_USAGE = YES_ERROR;
				CLANG_WARN_DOCUMENTATION_COMMENTS = YES;
				CLANG_WARN_EMPTY_BODY = YES;
				CLANG_WARN_ENUM_CONVERSION = YES;
				CLANG_WARN_INFINITE_RECURSION = YES;
				CLANG_WARN_INT_CONVERSION = YES;
				CLANG_WARN_NON_LITERAL_NULL_CONVERSION = YES;
				CLANG_WARN_OBJC_IMPLICIT_RETAIN_SELF = YES;
				CLANG_WARN_OBJC_LITERAL_CONVERSION = YES;
				CLANG_WARN_OBJC_ROOT_CLASS = YES_ERROR;
				CLANG_WARN_QUOTED_INCLUDE_IN_FRAMEWORK_HEADER = YES;
				CLANG_WARN_RANGE_LOOP_ANALYSIS = YES;
				CLANG_WARN_STRICT_PROTOTYPES = YES;
				CLANG_WARN_SUSPICIOUS_MOVE = YES;
				CLANG_WARN_UNGUARDED_AVAILABILITY = YES_AGGRESSIVE;
				CLANG_WARN_UNREACHABLE_CODE = YES;
				CLANG_WARN__DUPLICATE_METHOD_MATCH = YES;
				COPY_PHASE_STRIP = NO;
				DEBUG_INFORMATION_FORMAT = "dwarf-with-dsym";
				ENABLE_NS_ASSERTIONS = NO;
				ENABLE_STRICT_OBJC_MSGSEND = YES;
				GCC_C_LANGUAGE_STANDARD = gnu11;
				GCC_NO_COMMON_BLOCKS = YES;
				GCC_WARN_64_TO_32_BIT_CONVERSION = YES;
				GCC_WARN_ABOUT_RETURN_TYPE = YES_ERROR;
				GCC_WARN_UNDECLARED_SELECTOR = YES;
				GCC_WARN_UNINITIALIZED_AUTOS = YES_AGGRESSIVE;
				GCC_WARN_UNUSED_FUNCTION = YES;
				GCC_WARN_UNUSED_VARIABLE = YES;
				IPHONEOS_DEPLOYMENT_TARGET = 15.4;
				MTL_ENABLE_DEBUG_INFO = NO;
				MTL_FAST_MATH = YES;
				SDKROOT = iphoneos;
				SWIFT_COMPILATION_MODE = wholemodule;
				SWIFT_OPTIMIZATION_LEVEL = "-O";
				VALIDATE_PRODUCT = YES;
			};
			name = Release;
		};
		9D6CC60728480B4100BE4FD0 /* Debug */ = {
			isa = XCBuildConfiguration;
			buildSettings = {
				ASSETCATALOG_COMPILER_APPICON_NAME = AppIcon;
				ASSETCATALOG_COMPILER_GLOBAL_ACCENT_COLOR_NAME = AccentColor;
				CODE_SIGN_STYLE = Automatic;
				CURRENT_PROJECT_VERSION = 1;
				DEVELOPMENT_ASSET_PATHS = "\"ARGame/Preview Content\"";
				DEVELOPMENT_TEAM = R36LU3NVAA;
				ENABLE_PREVIEWS = YES;
				GENERATE_INFOPLIST_FILE = YES;
				INFOPLIST_KEY_NSCameraUsageDescription = "";
				INFOPLIST_KEY_UIApplicationSupportsIndirectInputEvents = YES;
				INFOPLIST_KEY_UILaunchScreen_Generation = YES;
				INFOPLIST_KEY_UIRequiredDeviceCapabilities = arkit;
				INFOPLIST_KEY_UIStatusBarHidden = YES;
				INFOPLIST_KEY_UISupportedInterfaceOrientations_iPad = "UIInterfaceOrientationPortrait UIInterfaceOrientationPortraitUpsideDown UIInterfaceOrientationLandscapeLeft UIInterfaceOrientationLandscapeRight";
				INFOPLIST_KEY_UISupportedInterfaceOrientations_iPhone = "UIInterfaceOrientationPortrait UIInterfaceOrientationLandscapeLeft UIInterfaceOrientationLandscapeRight";
				LD_RUNPATH_SEARCH_PATHS = (
					"$(inherited)",
					"@executable_path/Frameworks",
				);
				MARKETING_VERSION = 1.0;
				PRODUCT_BUNDLE_IDENTIFIER = dev.becca.ARGame;
				PRODUCT_NAME = "$(TARGET_NAME)";
				SWIFT_EMIT_LOC_STRINGS = YES;
				SWIFT_VERSION = 5.0;
				TARGETED_DEVICE_FAMILY = "1,2";
			};
			name = Debug;
		};
		9D6CC60828480B4100BE4FD0 /* Release */ = {
			isa = XCBuildConfiguration;
			buildSettings = {
				ASSETCATALOG_COMPILER_APPICON_NAME = AppIcon;
				ASSETCATALOG_COMPILER_GLOBAL_ACCENT_COLOR_NAME = AccentColor;
				CODE_SIGN_STYLE = Automatic;
				CURRENT_PROJECT_VERSION = 1;
				DEVELOPMENT_ASSET_PATHS = "\"ARGame/Preview Content\"";
				DEVELOPMENT_TEAM = R36LU3NVAA;
				ENABLE_PREVIEWS = YES;
				GENERATE_INFOPLIST_FILE = YES;
				INFOPLIST_KEY_NSCameraUsageDescription = "";
				INFOPLIST_KEY_UIApplicationSupportsIndirectInputEvents = YES;
				INFOPLIST_KEY_UILaunchScreen_Generation = YES;
				INFOPLIST_KEY_UIRequiredDeviceCapabilities = arkit;
				INFOPLIST_KEY_UIStatusBarHidden = YES;
				INFOPLIST_KEY_UISupportedInterfaceOrientations_iPad = "UIInterfaceOrientationPortrait UIInterfaceOrientationPortraitUpsideDown UIInterfaceOrientationLandscapeLeft UIInterfaceOrientationLandscapeRight";
				INFOPLIST_KEY_UISupportedInterfaceOrientations_iPhone = "UIInterfaceOrientationPortrait UIInterfaceOrientationLandscapeLeft UIInterfaceOrientationLandscapeRight";
				LD_RUNPATH_SEARCH_PATHS = (
					"$(inherited)",
					"@executable_path/Frameworks",
				);
				MARKETING_VERSION = 1.0;
				PRODUCT_BUNDLE_IDENTIFIER = dev.becca.ARGame;
				PRODUCT_NAME = "$(TARGET_NAME)";
				SWIFT_EMIT_LOC_STRINGS = YES;
				SWIFT_VERSION = 5.0;
				TARGETED_DEVICE_FAMILY = "1,2";
			};
			name = Release;
		};
/* End XCBuildConfiguration section */

/* Begin XCConfigurationList section */
		9D6CC5F128480B3F00BE4FD0 /* Build configuration list for PBXProject "ARGame" */ = {
			isa = XCConfigurationList;
			buildConfigurations = (
				9D6CC60428480B4100BE4FD0 /* Debug */,
				9D6CC60528480B4100BE4FD0 /* Release */,
			);
			defaultConfigurationIsVisible = 0;
			defaultConfigurationName = Release;
		};
		9D6CC60628480B4100BE4FD0 /* Build configuration list for PBXNativeTarget "ARGame" */ = {
			isa = XCConfigurationList;
			buildConfigurations = (
				9D6CC60728480B4100BE4FD0 /* Debug */,
				9D6CC60828480B4100BE4FD0 /* Release */,
			);
			defaultConfigurationIsVisible = 0;
			defaultConfigurationName = Release;
		};
/* End XCConfigurationList section */
	};
	rootObject = 9D6CC5EE28480B3F00BE4FD0 /* Project object */;
}
